
Microsoft Visual Studio Solution File, Format Version 12.00
Project("{FAE04EC0-301F-11D3-BF4B-00C04F79EFBC}") = "chatgpt-telegram-bot", "chatgpt-telegram-bot.csproj", "{706FD7FE-AD2B-49DC-97CB-1FCC5824746D}"
EndProject
Global
	GlobalSection(SolutionConfigurationPlatforms) = preSolution
		Debug|Any CPU = Debug|Any CPU
		Release|Any CPU = Release|Any CPU
	EndGlobalSection
	GlobalSection(ProjectConfigurationPlatforms) = postSolution
		{706FD7FE-AD2B-49DC-97CB-1FCC5824746D}.Debug|Any CPU.ActiveCfg = Debug|Any CPU
		{706FD7FE-AD2B-49DC-97CB-1FCC5824746D}.Debug|Any CPU.Build.0 = Debug|Any CPU
		{706FD7FE-AD2B-49DC-97CB-1FCC5824746D}.Release|Any CPU.ActiveCfg = Release|Any CPU
		{706FD7FE-AD2B-49DC-97CB-1FCC5824746D}.Release|Any CPU.Build.0 = Release|Any CPU
	EndGlobalSection
EndGlobal
